
Microsoft Visual Studio Solution File, Format Version 12.00
# Visual Studio Version 16
VisualStudioVersion = 16.0.810.9
MinimumVisualStudioVersion = 10.0.40219.1
Project("{FAE04EC0-301F-11D3-BF4B-00C04F79EFBC}") = "CallBackDecrypt", "CallBackDecrypt\CallBackDecrypt.csproj", "{5B615131-4FB0-4EE1-A90F-0BD5276E2DDA}"
EndProject
Global
	GlobalSection(SolutionConfigurationPlatforms) = preSolution
		Debug|Any CPU = Debug|Any CPU
		Release|Any CPU = Release|Any CPU
	EndGlobalSection
	GlobalSection(ProjectConfigurationPlatforms) = postSolution
		{5B615131-4FB0-4EE1-A90F-0BD5276E2DDA}.Debug|Any CPU.ActiveCfg = Debug|Any CPU
		{5B615131-4FB0-4EE1-A90F-0BD5276E2DDA}.Debug|Any CPU.Build.0 = Debug|Any CPU
		{5B615131-4FB0-4EE1-A90F-0BD5276E2DDA}.Release|Any CPU.ActiveCfg = Release|Any CPU
		{5B615131-4FB0-4EE1-A90F-0BD5276E2DDA}.Release|Any CPU.Build.0 = Release|Any CPU
	EndGlobalSection
	GlobalSection(SolutionProperties) = preSolution
		HideSolutionNode = FALSE
	EndGlobalSection
	GlobalSection(ExtensibilityGlobals) = postSolution
		SolutionGuid = {C62E38C5-37E4-4BAE-B5BB-146723C32559}
	EndGlobalSection
EndGlobal
